// !$*UTF8*$!
{
	archiveVersion = 1;
	classes = {
	};
	objectVersion = 46;
	objects = {

/* Begin PBXBuildFile section */
		183F83661BD4F36400617564 /* main.m in Sources */ = {isa = PBXBuildFile; fileRef = 183F83651BD4F36400617564 /* main.m */; };
		183F83691BD4F36400617564 /* AppDelegate.m in Sources */ = {isa = PBXBuildFile; fileRef = 183F83681BD4F36400617564 /* AppDelegate.m */; };
		183F836C1BD4F36400617564 /* ViewController.m in Sources */ = {isa = PBXBuildFile; fileRef = 183F836B1BD4F36400617564 /* ViewController.m */; };
		183F836F1BD4F36400617564 /* Main.storyboard in Resources */ = {isa = PBXBuildFile; fileRef = 183F836D1BD4F36400617564 /* Main.storyboard */; };
		183F83711BD4F36400617564 /* Images.xcassets in Resources */ = {isa = PBXBuildFile; fileRef = 183F83701BD4F36400617564 /* Images.xcassets */; };
		183F83741BD4F36400617564 /* LaunchScreen.xib in Resources */ = {isa = PBXBuildFile; fileRef = 183F83721BD4F36400617564 /* LaunchScreen.xib */; };
		183F83801BD4F36400617564 /* tableviewbutongcellTests.m in Sources */ = {isa = PBXBuildFile; fileRef = 183F837F1BD4F36400617564 /* tableviewbutongcellTests.m */; };
		183F838B1BD4F54700617564 /* CustomCell.m in Sources */ = {isa = PBXBuildFile; fileRef = 183F838A1BD4F54700617564 /* CustomCell.m */; };
		183F838E1BD4F61100617564 /* CustomCell1.m in Sources */ = {isa = PBXBuildFile; fileRef = 183F838D1BD4F61100617564 /* CustomCell1.m */; };
		183F83911BD4F63200617564 /* CustomCell2.m in Sources */ = {isa = PBXBuildFile; fileRef = 183F83901BD4F63200617564 /* CustomCell2.m */; };
/* End PBXBuildFile section */

/* Begin PBXContainerItemProxy section */
		183F837A1BD4F36400617564 /* PBXContainerItemProxy */ = {
			isa = PBXContainerItemProxy;
			containerPortal = 183F83581BD4F36400617564 /* Project object */;
			proxyType = 1;
			remoteGlobalIDString = 183F835F1BD4F36400617564;
			remoteInfo = tableviewbutongcell;
		};
/* End PBXContainerItemProxy section */

/* Begin PBXFileReference section */
		183F83601BD4F36400617564 /* tableviewbutongcell.app */ = {isa = PBXFileReference; explicitFileType = wrapper.application; includeInIndex = 0; path = tableviewbutongcell.app; sourceTree = BUILT_PRODUCTS_DIR; };
		183F83641BD4F36400617564 /* Info.plist */ = {isa = PBXFileReference; lastKnownFileType = text.plist.xml; path = Info.plist; sourceTree = "<group>"; };
		183F83651BD4F36400617564 /* main.m */ = {isa = PBXFileReference; lastKnownFileType = sourcecode.c.objc; path = main.m; sourceTree = "<group>"; };
		183F83671BD4F36400617564 /* AppDelegate.h */ = {isa = PBXFileReference; lastKnownFileType = sourcecode.c.h; path = AppDelegate.h; sourceTree = "<group>"; };
		183F83681BD4F36400617564 /* AppDelegate.m */ = {isa = PBXFileReference; lastKnownFileType = sourcecode.c.objc; path = AppDelegate.m; sourceTree = "<group>"; };
		183F836A1BD4F36400617564 /* ViewController.h */ = {isa = PBXFileReference; lastKnownFileType = sourcecode.c.h; path = ViewController.h; sourceTree = "<group>"; };
		183F836B1BD4F36400617564 /* ViewController.m */ = {isa = PBXFileReference; lastKnownFileType = sourcecode.c.objc; path = ViewController.m; sourceTree = "<group>"; };
		183F836E1BD4F36400617564 /* Base */ = {isa = PBXFileReference; lastKnownFileType = file.storyboard; name = Base; path = Base.lproj/Main.storyboard; sourceTree = "<group>"; };
		183F83701BD4F36400617564 /* Images.xcassets */ = {isa = PBXFileReference; lastKnownFileType = folder.assetcatalog; path = Images.xcassets; sourceTree = "<group>"; };
		183F83731BD4F36400617564 /* Base */ = {isa = PBXFileReference; lastKnownFileType = file.xib; name = Base; path = Base.lproj/LaunchScreen.xib; sourceTree = "<group>"; };
		183F83791BD4F36400617564 /* tableviewbutongcellTests.xctest */ = {isa = PBXFileReference; explicitFileType = wrapper.cfbundle; includeInIndex = 0; path = tableviewbutongcellTests.xctest; sourceTree = BUILT_PRODUCTS_DIR; };
		183F837E1BD4F36400617564 /* Info.plist */ = {isa = PBXFileReference; lastKnownFileType = text.plist.xml; path = Info.plist; sourceTree = "<group>"; };
		183F837F1BD4F36400617564 /* tableviewbutongcellTests.m */ = {isa = PBXFileReference; lastKnownFileType = sourcecode.c.objc; path = tableviewbutongcellTests.m; sourceTree = "<group>"; };
		183F83891BD4F54700617564 /* CustomCell.h */ = {isa = PBXFileReference; fileEncoding = 4; lastKnownFileType = sourcecode.c.h; path = CustomCell.h; sourceTree = "<group>"; };
		183F838A1BD4F54700617564 /* CustomCell.m */ = {isa = PBXFileReference; fileEncoding = 4; lastKnownFileType = sourcecode.c.objc; path = CustomCell.m; sourceTree = "<group>"; };
		183F838C1BD4F61100617564 /* CustomCell1.h */ = {isa = PBXFileReference; fileEncoding = 4; lastKnownFileType = sourcecode.c.h; path = CustomCell1.h; sourceTree = "<group>"; };
		183F838D1BD4F61100617564 /* CustomCell1.m */ = {isa = PBXFileReference; fileEncoding = 4; lastKnownFileType = sourcecode.c.objc; path = CustomCell1.m; sourceTree = "<group>"; };
		183F838F1BD4F63200617564 /* CustomCell2.h */ = {isa = PBXFileReference; fileEncoding = 4; lastKnownFileType = sourcecode.c.h; path = CustomCell2.h; sourceTree = "<group>"; };
		183F83901BD4F63200617564 /* CustomCell2.m */ = {isa = PBXFileReference; fileEncoding = 4; lastKnownFileType = sourcecode.c.objc; path = CustomCell2.m; sourceTree = "<group>"; };
/* End PBXFileReference section */

/* Begin PBXFrameworksBuildPhase section */
		183F835D1BD4F36400617564 /* Frameworks */ = {
			isa = PBXFrameworksBuildPhase;
			buildActionMask = 2147483647;
			files = (
			);
			runOnlyForDeploymentPostprocessing = 0;
		};
		183F83761BD4F36400617564 /* Frameworks */ = {
			isa = PBXFrameworksBuildPhase;
			buildActionMask = 2147483647;
			files = (
			);
			runOnlyForDeploymentPostprocessing = 0;
		};
/* End PBXFrameworksBuildPhase section */

/* Begin PBXGroup section */
		183F83571BD4F36400617564 = {
			isa = PBXGroup;
			children = (
				183F83621BD4F36400617564 /* tableviewbutongcell */,
				183F837C1BD4F36400617564 /* tableviewbutongcellTests */,
				183F83611BD4F36400617564 /* Products */,
			);
			sourceTree = "<group>";
		};
		183F83611BD4F36400617564 /* Products */ = {
			isa = PBXGroup;
			children = (
				183F83601BD4F36400617564 /* tableviewbutongcell.app */,
				183F83791BD4F36400617564 /* tableviewbutongcellTests.xctest */,
			);
			name = Products;
			sourceTree = "<group>";
		};
		183F83621BD4F36400617564 /* tableviewbutongcell */ = {
			isa = PBXGroup;
			children = (
				183F83671BD4F36400617564 /* AppDelegate.h */,
				183F83681BD4F36400617564 /* AppDelegate.m */,
				183F836A1BD4F36400617564 /* ViewController.h */,
				183F836B1BD4F36400617564 /* ViewController.m */,
				183F83891BD4F54700617564 /* CustomCell.h */,
				183F838A1BD4F54700617564 /* CustomCell.m */,
				183F838C1BD4F61100617564 /* CustomCell1.h */,
				183F838D1BD4F61100617564 /* CustomCell1.m */,
				183F838F1BD4F63200617564 /* CustomCell2.h */,
				183F83901BD4F63200617564 /* CustomCell2.m */,
				183F836D1BD4F36400617564 /* Main.storyboard */,
				183F83701BD4F36400617564 /* Images.xcassets */,
				183F83721BD4F36400617564 /* LaunchScreen.xib */,
				183F83631BD4F36400617564 /* Supporting Files */,
			);
			path = tableviewbutongcell;
			sourceTree = "<group>";
		};
		183F83631BD4F36400617564 /* Supporting Files */ = {
			isa = PBXGroup;
			children = (
				183F83641BD4F36400617564 /* Info.plist */,
				183F83651BD4F36400617564 /* main.m */,
			);
			name = "Supporting Files";
			sourceTree = "<group>";
		};
		183F837C1BD4F36400617564 /* tableviewbutongcellTests */ = {
			isa = PBXGroup;
			children = (
				183F837F1BD4F36400617564 /* tableviewbutongcellTests.m */,
				183F837D1BD4F36400617564 /* Supporting Files */,
			);
			path = tableviewbutongcellTests;
			sourceTree = "<group>";
		};
		183F837D1BD4F36400617564 /* Supporting Files */ = {
			isa = PBXGroup;
			children = (
				183F837E1BD4F36400617564 /* Info.plist */,
			);
			name = "Supporting Files";
			sourceTree = "<group>";
		};
/* End PBXGroup section */

/* Begin PBXNativeTarget section */
		183F835F1BD4F36400617564 /* tableviewbutongcell */ = {
			isa = PBXNativeTarget;
			buildConfigurationList = 183F83831BD4F36400617564 /* Build configuration list for PBXNativeTarget "tableviewbutongcell" */;
			buildPhases = (
				183F835C1BD4F36400617564 /* Sources */,
				183F835D1BD4F36400617564 /* Frameworks */,
				183F835E1BD4F36400617564 /* Resources */,
			);
			buildRules = (
			);
			dependencies = (
			);
			name = tableviewbutongcell;
			productName = tableviewbutongcell;
			productReference = 183F83601BD4F36400617564 /* tableviewbutongcell.app */;
			productType = "com.apple.product-type.application";
		};
		183F83781BD4F36400617564 /* tableviewbutongcellTests */ = {
			isa = PBXNativeTarget;
			buildConfigurationList = 183F83861BD4F36400617564 /* Build configuration list for PBXNativeTarget "tableviewbutongcellTests" */;
			buildPhases = (
				183F83751BD4F36400617564 /* Sources */,
				183F83761BD4F36400617564 /* Frameworks */,
				183F83771BD4F36400617564 /* Resources */,
			);
			buildRules = (
			);
			dependencies = (
				183F837B1BD4F36400617564 /* PBXTargetDependency */,
			);
			name = tableviewbutongcellTests;
			productName = tableviewbutongcellTests;
			productReference = 183F83791BD4F36400617564 /* tableviewbutongcellTests.xctest */;
			productType = "com.apple.product-type.bundle.unit-test";
		};
/* End PBXNativeTarget section */

/* Begin PBXProject section */
		183F83581BD4F36400617564 /* Project object */ = {
			isa = PBXProject;
			attributes = {
				LastUpgradeCheck = 0640;
				ORGANIZATIONNAME = tqh;
				TargetAttributes = {
					183F835F1BD4F36400617564 = {
						CreatedOnToolsVersion = 6.4;
					};
					183F83781BD4F36400617564 = {
						CreatedOnToolsVersion = 6.4;
						TestTargetID = 183F835F1BD4F36400617564;
					};
				};
			};
			buildConfigurationList = 183F835B1BD4F36400617564 /* Build configuration list for PBXProject "tableviewbutongcell" */;
			compatibilityVersion = "Xcode 3.2";
			developmentRegion = English;
			hasScannedForEncodings = 0;
			knownRegions = (
				en,
				Base,
			);
			mainGroup = 183F83571BD4F36400617564;
			productRefGroup = 183F83611BD4F36400617564 /* Products */;
			projectDirPath = "";
			projectRoot = "";
			targets = (
				183F835F1BD4F36400617564 /* tableviewbutongcell */,
				183F83781BD4F36400617564 /* tableviewbutongcellTests */,
			);
		};
/* End PBXProject section */

/* Begin PBXResourcesBuildPhase section */
		183F835E1BD4F36400617564 /* Resources */ = {
			isa = PBXResourcesBuildPhase;
			buildActionMask = 2147483647;
			files = (
				183F836F1BD4F36400617564 /* Main.storyboard in Resources */,
				183F83741BD4F36400617564 /* LaunchScreen.xib in Resources */,
				183F83711BD4F36400617564 /* Images.xcassets in Resources */,
			);
			runOnlyForDeploymentPostprocessing = 0;
		};
		183F83771BD4F36400617564 /* Resources */ = {
			isa = PBXResourcesBuildPhase;
			buildActionMask = 2147483647;
			files = (
			);
			runOnlyForDeploymentPostprocessing = 0;
		};
/* End PBXResourcesBuildPhase section */

/* Begin PBXSourcesBuildPhase section */
		183F835C1BD4F36400617564 /* Sources */ = {
			isa = PBXSourcesBuildPhase;
			buildActionMask = 2147483647;
			files = (
				183F836C1BD4F36400617564 /* ViewController.m in Sources */,
				183F83691BD4F36400617564 /* AppDelegate.m in Sources */,
				183F838B1BD4F54700617564 /* CustomCell.m in Sources */,
				183F83661BD4F36400617564 /* main.m in Sources */,
				183F838E1BD4F61100617564 /* CustomCell1.m in Sources */,
				183F83911BD4F63200617564 /* CustomCell2.m in Sources */,
			);
			runOnlyForDeploymentPostprocessing = 0;
		};
		183F83751BD4F36400617564 /* Sources */ = {
			isa = PBXSourcesBuildPhase;
			buildActionMask = 2147483647;
			files = (
				183F83801BD4F36400617564 /* tableviewbutongcellTests.m in Sources */,
			);
			runOnlyForDeploymentPostprocessing = 0;
		};
/* End PBXSourcesBuildPhase section */

/* Begin PBXTargetDependency section */
		183F837B1BD4F36400617564 /* PBXTargetDependency */ = {
			isa = PBXTargetDependency;
			target = 183F835F1BD4F36400617564 /* tableviewbutongcell */;
			targetProxy = 183F837A1BD4F36400617564 /* PBXContainerItemProxy */;
		};
/* End PBXTargetDependency section */

/* Begin PBXVariantGroup section */
		183F836D1BD4F36400617564 /* Main.storyboard */ = {
			isa = PBXVariantGroup;
			children = (
				183F836E1BD4F36400617564 /* Base */,
			);
			name = Main.storyboard;
			sourceTree = "<group>";
		};
		183F83721BD4F36400617564 /* LaunchScreen.xib */ = {
			isa = PBXVariantGroup;
			children = (
				183F83731BD4F36400617564 /* Base */,
			);
			name = LaunchScreen.xib;
			sourceTree = "<group>";
		};
/* End PBXVariantGroup section */

/* Begin XCBuildConfiguration section */
		183F83811BD4F36400617564 /* Debug */ = {
			isa = XCBuildConfiguration;
			buildSettings = {
				ALWAYS_SEARCH_USER_PATHS = NO;
				CLANG_CXX_LANGUAGE_STANDARD = "gnu++0x";
				CLANG_CXX_LIBRARY = "libc++";
				CLANG_ENABLE_MODULES = YES;
				CLANG_ENABLE_OBJC_ARC = YES;
				CLANG_WARN_BOOL_CONVERSION = YES;
				CLANG_WARN_CONSTANT_CONVERSION = YES;
				CLANG_WARN_DIRECT_OBJC_ISA_USAGE = YES_ERROR;
				CLANG_WARN_EMPTY_BODY = YES;
				CLANG_WARN_ENUM_CONVERSION = YES;
				CLANG_WARN_INT_CONVERSION = YES;
				CLANG_WARN_OBJC_ROOT_CLASS = YES_ERROR;
				CLANG_WARN_UNREACHABLE_CODE = YES;
				CLANG_WARN__DUPLICATE_METHOD_MATCH = YES;
				"CODE_SIGN_IDENTITY[sdk=iphoneos*]" = "iPhone Developer";
				COPY_PHASE_STRIP = NO;
				DEBUG_INFORMATION_FORMAT = "dwarf-with-dsym";
				ENABLE_STRICT_OBJC_MSGSEND = YES;
				GCC_C_LANGUAGE_STANDARD = gnu99;
				GCC_DYNAMIC_NO_PIC = NO;
				GCC_NO_COMMON_BLOCKS = YES;
				GCC_OPTIMIZATION_LEVEL = 0;
				GCC_PREPROCESSOR_DEFINITIONS = (
					"DEBUG=1",
					"$(inherited)",
				);
				GCC_SYMBOLS_PRIVATE_EXTERN = NO;
				GCC_WARN_64_TO_32_BIT_CONVERSION = YES;
				GCC_WARN_ABOUT_RETURN_TYPE = YES_ERROR;
				GCC_WARN_UNDECLARED_SELECTOR = YES;
				GCC_WARN_UNINITIALIZED_AUTOS = YES_AGGRESSIVE;
				GCC_WARN_UNUSED_FUNCTION = YES;
				GCC_WARN_UNUSED_VARIABLE = YES;
				IPHONEOS_DEPLOYMENT_TARGET = 8.4;
				MTL_ENABLE_DEBUG_INFO = YES;
				ONLY_ACTIVE_ARCH = YES;
				SDKROOT = iphoneos;
			};
			name = Debug;
		};
		183F83821BD4F36400617564 /* Release */ = {
			isa = XCBuildConfiguration;
			buildSettings = {
				ALWAYS_SEARCH_USER_PATHS = NO;
				CLANG_CXX_LANGUAGE_STANDARD = "gnu++0x";
				CLANG_CXX_LIBRARY = "libc++";
				CLANG_ENABLE_MODULES = YES;
				CLANG_ENABLE_OBJC_ARC = YES;
				CLANG_WARN_BOOL_CONVERSION = YES;
				CLANG_WARN_CONSTANT_CONVERSION = YES;
				CLANG_WARN_DIRECT_OBJC_ISA_USAGE = YES_ERROR;
				CLANG_WARN_EMPTY_BODY = YES;
				CLANG_WARN_ENUM_CONVERSION = YES;
				CLANG_WARN_INT_CONVERSION = YES;
				CLANG_WARN_OBJC_ROOT_CLASS = YES_ERROR;
				CLANG_WARN_UNREACHABLE_CODE = YES;
				CLANG_WARN__DUPLICATE_METHOD_MATCH = YES;
				"CODE_SIGN_IDENTITY[sdk=iphoneos*]" = "iPhone Developer";
				COPY_PHASE_STRIP = NO;
				DEBUG_INFORMATION_FORMAT = "dwarf-with-dsym";
				ENABLE_NS_ASSERTIONS = NO;
				ENABLE_STRICT_OBJC_MSGSEND = YES;
				GCC_C_LANGUAGE_STANDARD = gnu99;
				GCC_NO_COMMON_BLOCKS = YES;
				GCC_WARN_64_TO_32_BIT_CONVERSION = YES;
				GCC_WARN_ABOUT_RETURN_TYPE = YES_ERROR;
				GCC_WARN_UNDECLARED_SELECTOR = YES;
				GCC_WARN_UNINITIALIZED_AUTOS = YES_AGGRESSIVE;
				GCC_WARN_UNUSED_FUNCTION = YES;
				GCC_WARN_UNUSED_VARIABLE = YES;
				IPHONEOS_DEPLOYMENT_TARGET = 8.4;
				MTL_ENABLE_DEBUG_INFO = NO;
				SDKROOT = iphoneos;
				VALIDATE_PRODUCT = YES;
			};
			name = Release;
		};
		183F83841BD4F36400617564 /* Debug */ = {
			isa = XCBuildConfiguration;
			buildSettings = {
				ASSETCATALOG_COMPILER_APPICON_NAME = AppIcon;
				INFOPLIST_FILE = tableviewbutongcell/Info.plist;
				LD_RUNPATH_SEARCH_PATHS = "$(inherited) @executable_path/Frameworks";
				PRODUCT_NAME = "$(TARGET_NAME)";
			};
			name = Debug;
		};
		183F83851BD4F36400617564 /* Release */ = {
			isa = XCBuildConfiguration;
			buildSettings = {
				ASSETCATALOG_COMPILER_APPICON_NAME = AppIcon;
				INFOPLIST_FILE = tableviewbutongcell/Info.plist;
				LD_RUNPATH_SEARCH_PATHS = "$(inherited) @executable_path/Frameworks";
				PRODUCT_NAME = "$(TARGET_NAME)";
			};
			name = Release;
		};
		183F83871BD4F36400617564 /* Debug */ = {
			isa = XCBuildConfiguration;
			buildSettings = {
				BUNDLE_LOADER = "$(TEST_HOST)";
				FRAMEWORK_SEARCH_PATHS = (
					"$(SDKROOT)/Developer/Library/Frameworks",
					"$(inherited)",
				);
				GCC_PREPROCESSOR_DEFINITIONS = (
					"DEBUG=1",
					"$(inherited)",
				);
				INFOPLIST_FILE = tableviewbutongcellTests/Info.plist;
				LD_RUNPATH_SEARCH_PATHS = "$(inherited) @executable_path/Frameworks @loader_path/Frameworks";
				PRODUCT_NAME = "$(TARGET_NAME)";
				TEST_HOST = "$(BUILT_PRODUCTS_DIR)/tableviewbutongcell.app/tableviewbutongcell";
			};
			name = Debug;
		};
		183F83881BD4F36400617564 /* Release */ = {
			isa = XCBuildConfiguration;
			buildSettings = {
				BUNDLE_LOADER = "$(TEST_HOST)";
				FRAMEWORK_SEARCH_PATHS = (
					"$(SDKROOT)/Developer/Library/Frameworks",
					"$(inherited)",
				);
				INFOPLIST_FILE = tableviewbutongcellTests/Info.plist;
				LD_RUNPATH_SEARCH_PATHS = "$(inherited) @executable_path/Frameworks @loader_path/Frameworks";
				PRODUCT_NAME = "$(TARGET_NAME)";
				TEST_HOST = "$(BUILT_PRODUCTS_DIR)/tableviewbutongcell.app/tableviewbutongcell";
			};
			name = Release;
		};
/* End XCBuildConfiguration section */

/* Begin XCConfigurationList section */
		183F835B1BD4F36400617564 /* Build configuration list for PBXProject "tableviewbutongcell" */ = {
			isa = XCConfigurationList;
			buildConfigurations = (
				183F83811BD4F36400617564 /* Debug */,
				183F83821BD4F36400617564 /* Release */,
			);
			defaultConfigurationIsVisible = 0;
			defaultConfigurationName = Release;
		};
		183F83831BD4F36400617564 /* Build configuration list for PBXNativeTarget "tableviewbutongcell" */ = {
			isa = XCConfigurationList;
			buildConfigurations = (
				183F83841BD4F36400617564 /* Debug */,
				183F83851BD4F36400617564 /* Release */,
			);
			defaultConfigurationIsVisible = 0;
		};
		183F83861BD4F36400617564 /* Build configuration list for PBXNativeTarget "tableviewbutongcellTests" */ = {
			isa = XCConfigurationList;
			buildConfigurations = (
				183F83871BD4F36400617564 /* Debug */,
				183F83881BD4F36400617564 /* Release */,
			);
			defaultConfigurationIsVisible = 0;
		};
/* End XCConfigurationList section */
	};
	rootObject = 183F83581BD4F36400617564 /* Project object */;
}
